
Microsoft Visual Studio Solution File, Format Version 12.00
# Visual Studio 2013
VisualStudioVersion = 12.0.31101.0
MinimumVisualStudioVersion = 10.0.40219.1
Project("{2150E333-8FDC-42A3-9474-1A3956D46DE8}") = "DB", "DB", "{999E747F-9A60-4A82-AECC-B86ED0585DC1}"
EndProject
Project("{2150E333-8FDC-42A3-9474-1A3956D46DE8}") = "Logic", "Logic", "{B0C4C706-EC92-4B95-AE77-B50DBA7D70C2}"
EndProject
Project("{2150E333-8FDC-42A3-9474-1A3956D46DE8}") = "Tests", "Tests", "{B2790CDB-0C53-45D7-9900-A29F1AB50A12}"
EndProject
Project("{2150E333-8FDC-42A3-9474-1A3956D46DE8}") = "Loaders", "Loaders", "{B72571CE-F89E-4399-A4E4-06AABEC35BC8}"
EndProject
Project("{FAE04EC0-301F-11D3-BF4B-00C04F79EFBC}") = "WebApplication1", "WebApplication1\WebApplication1.csproj", "{FCBB0278-90FC-4D32-9316-2E52E4E6D8ED}"
EndProject
Project("{FAE04EC0-301F-11D3-BF4B-00C04F79EFBC}") = "Loader1", "Loader1\Loader1.csproj", "{74CF312D-5335-4D1D-9416-DC200AF26F64}"
EndProject
Project("{FAE04EC0-301F-11D3-BF4B-00C04F79EFBC}") = "Loader2", "Loader2\Loader2.csproj", "{29CF500C-A024-47A7-B9CB-DA6BC9B26E00}"
EndProject
Project("{FAE04EC0-301F-11D3-BF4B-00C04F79EFBC}") = "Interfaces", "Interfaces\Interfaces.csproj", "{E8E7C430-F44E-4E8C-AE96-DEFF0FDDA22E}"
EndProject
Project("{FAE04EC0-301F-11D3-BF4B-00C04F79EFBC}") = "BizLogic", "BizLogic\BizLogic.csproj", "{AEE27466-7A13-4239-A027-3A318F1F44D4}"
EndProject
Project("{FAE04EC0-301F-11D3-BF4B-00C04F79EFBC}") = "CommonLibrary", "CommonLibrary\CommonLibrary.csproj", "{DE10CC97-A9CE-4AF7-81F8-96BC3567C309}"
EndProject
Project("{00D1A9C2-B5F0-4AF3-8072-F6C62B433612}") = "Database", "Database\Database.sqlproj", "{B5E7D43D-258A-4A11-A249-102BEE1AC568}"
EndProject
Project("{FAE04EC0-301F-11D3-BF4B-00C04F79EFBC}") = "Tests", "Tests\Tests.csproj", "{1611D7A5-3C99-4009-9007-66ED955DE0E3}"
EndProject
Global
	GlobalSection(SolutionConfigurationPlatforms) = preSolution
		Debug|Any CPU = Debug|Any CPU
		Release|Any CPU = Release|Any CPU
	EndGlobalSection
	GlobalSection(ProjectConfigurationPlatforms) = postSolution
		{FCBB0278-90FC-4D32-9316-2E52E4E6D8ED}.Debug|Any CPU.ActiveCfg = Debug|Any CPU
		{FCBB0278-90FC-4D32-9316-2E52E4E6D8ED}.Debug|Any CPU.Build.0 = Debug|Any CPU
		{FCBB0278-90FC-4D32-9316-2E52E4E6D8ED}.Release|Any CPU.ActiveCfg = Release|Any CPU
		{FCBB0278-90FC-4D32-9316-2E52E4E6D8ED}.Release|Any CPU.Build.0 = Release|Any CPU
		{74CF312D-5335-4D1D-9416-DC200AF26F64}.Debug|Any CPU.ActiveCfg = Debug|Any CPU
		{74CF312D-5335-4D1D-9416-DC200AF26F64}.Debug|Any CPU.Build.0 = Debug|Any CPU
		{74CF312D-5335-4D1D-9416-DC200AF26F64}.Release|Any CPU.ActiveCfg = Release|Any CPU
		{74CF312D-5335-4D1D-9416-DC200AF26F64}.Release|Any CPU.Build.0 = Release|Any CPU
		{29CF500C-A024-47A7-B9CB-DA6BC9B26E00}.Debug|Any CPU.ActiveCfg = Debug|Any CPU
		{29CF500C-A024-47A7-B9CB-DA6BC9B26E00}.Debug|Any CPU.Build.0 = Debug|Any CPU
		{29CF500C-A024-47A7-B9CB-DA6BC9B26E00}.Release|Any CPU.ActiveCfg = Release|Any CPU
		{29CF500C-A024-47A7-B9CB-DA6BC9B26E00}.Release|Any CPU.Build.0 = Release|Any CPU
		{E8E7C430-F44E-4E8C-AE96-DEFF0FDDA22E}.Debug|Any CPU.ActiveCfg = Debug|Any CPU
		{E8E7C430-F44E-4E8C-AE96-DEFF0FDDA22E}.Debug|Any CPU.Build.0 = Debug|Any CPU
		{E8E7C430-F44E-4E8C-AE96-DEFF0FDDA22E}.Release|Any CPU.ActiveCfg = Release|Any CPU
		{E8E7C430-F44E-4E8C-AE96-DEFF0FDDA22E}.Release|Any CPU.Build.0 = Release|Any CPU
		{AEE27466-7A13-4239-A027-3A318F1F44D4}.Debug|Any CPU.ActiveCfg = Debug|Any CPU
		{AEE27466-7A13-4239-A027-3A318F1F44D4}.Debug|Any CPU.Build.0 = Debug|Any CPU
		{AEE27466-7A13-4239-A027-3A318F1F44D4}.Release|Any CPU.ActiveCfg = Release|Any CPU
		{AEE27466-7A13-4239-A027-3A318F1F44D4}.Release|Any CPU.Build.0 = Release|Any CPU
		{DE10CC97-A9CE-4AF7-81F8-96BC3567C309}.Debug|Any CPU.ActiveCfg = Debug|Any CPU
		{DE10CC97-A9CE-4AF7-81F8-96BC3567C309}.Debug|Any CPU.Build.0 = Debug|Any CPU
		{DE10CC97-A9CE-4AF7-81F8-96BC3567C309}.Release|Any CPU.ActiveCfg = Release|Any CPU
		{DE10CC97-A9CE-4AF7-81F8-96BC3567C309}.Release|Any CPU.Build.0 = Release|Any CPU
		{B5E7D43D-258A-4A11-A249-102BEE1AC568}.Debug|Any CPU.ActiveCfg = Debug|Any CPU
		{B5E7D43D-258A-4A11-A249-102BEE1AC568}.Debug|Any CPU.Build.0 = Debug|Any CPU
		{B5E7D43D-258A-4A11-A249-102BEE1AC568}.Debug|Any CPU.Deploy.0 = Debug|Any CPU
		{B5E7D43D-258A-4A11-A249-102BEE1AC568}.Release|Any CPU.ActiveCfg = Release|Any CPU
		{B5E7D43D-258A-4A11-A249-102BEE1AC568}.Release|Any CPU.Build.0 = Release|Any CPU
		{B5E7D43D-258A-4A11-A249-102BEE1AC568}.Release|Any CPU.Deploy.0 = Release|Any CPU
		{1611D7A5-3C99-4009-9007-66ED955DE0E3}.Debug|Any CPU.ActiveCfg = Debug|Any CPU
		{1611D7A5-3C99-4009-9007-66ED955DE0E3}.Debug|Any CPU.Build.0 = Debug|Any CPU
		{1611D7A5-3C99-4009-9007-66ED955DE0E3}.Release|Any CPU.ActiveCfg = Release|Any CPU
		{1611D7A5-3C99-4009-9007-66ED955DE0E3}.Release|Any CPU.Build.0 = Release|Any CPU
	EndGlobalSection
	GlobalSection(SolutionProperties) = preSolution
		HideSolutionNode = FALSE
	EndGlobalSection
	GlobalSection(NestedProjects) = preSolution
		{B72571CE-F89E-4399-A4E4-06AABEC35BC8} = {999E747F-9A60-4A82-AECC-B86ED0585DC1}
		{74CF312D-5335-4D1D-9416-DC200AF26F64} = {B72571CE-F89E-4399-A4E4-06AABEC35BC8}
		{29CF500C-A024-47A7-B9CB-DA6BC9B26E00} = {B72571CE-F89E-4399-A4E4-06AABEC35BC8}
		{E8E7C430-F44E-4E8C-AE96-DEFF0FDDA22E} = {B0C4C706-EC92-4B95-AE77-B50DBA7D70C2}
		{AEE27466-7A13-4239-A027-3A318F1F44D4} = {B0C4C706-EC92-4B95-AE77-B50DBA7D70C2}
		{DE10CC97-A9CE-4AF7-81F8-96BC3567C309} = {B0C4C706-EC92-4B95-AE77-B50DBA7D70C2}
		{B5E7D43D-258A-4A11-A249-102BEE1AC568} = {999E747F-9A60-4A82-AECC-B86ED0585DC1}
		{1611D7A5-3C99-4009-9007-66ED955DE0E3} = {B2790CDB-0C53-45D7-9900-A29F1AB50A12}
	EndGlobalSection
EndGlobal
